
Microsoft Visual Studio Solution File, Format Version 12.00
# Visual Studio Version 16
VisualStudioVersion = 16.0.31025.194
MinimumVisualStudioVersion = 10.0.40219.1
Project("{FAE04EC0-301F-11D3-BF4B-00C04F79EFBC}") = "Messages", "Messages\Messages.csproj", "{CD60D1DA-8584-40F5-B1DC-DDE2ECAC8293}"
EndProject
Project("{FAE04EC0-301F-11D3-BF4B-00C04F79EFBC}") = "DummyPublisher", "DummyPublisher\DummyPublisher.csproj", "{EFA2F206-3884-4699-A9C4-44B3102040FA}"
EndProject
Project("{FAE04EC0-301F-11D3-BF4B-00C04F79EFBC}") = "MiddleComponent", "MiddleComponent\MiddleComponent.csproj", "{C07318BF-B4C4-43D4-8FED-1C88E54113DE}"
EndProject
Project("{FAE04EC0-301F-11D3-BF4B-00C04F79EFBC}") = "ConsoleApp", "ConsoleApp\ConsoleApp.csproj", "{DD1BAA22-FB80-4FD0-8EA0-A97E70671C93}"
EndProject
Global
	GlobalSection(SolutionConfigurationPlatforms) = preSolution
		Debug|Any CPU = Debug|Any CPU
		Release|Any CPU = Release|Any CPU
	EndGlobalSection
	GlobalSection(ProjectConfigurationPlatforms) = postSolution
		{CD60D1DA-8584-40F5-B1DC-DDE2ECAC8293}.Debug|Any CPU.ActiveCfg = Debug|Any CPU
		{CD60D1DA-8584-40F5-B1DC-DDE2ECAC8293}.Debug|Any CPU.Build.0 = Debug|Any CPU
		{CD60D1DA-8584-40F5-B1DC-DDE2ECAC8293}.Release|Any CPU.ActiveCfg = Release|Any CPU
		{CD60D1DA-8584-40F5-B1DC-DDE2ECAC8293}.Release|Any CPU.Build.0 = Release|Any CPU
		{EFA2F206-3884-4699-A9C4-44B3102040FA}.Debug|Any CPU.ActiveCfg = Debug|Any CPU
		{EFA2F206-3884-4699-A9C4-44B3102040FA}.Debug|Any CPU.Build.0 = Debug|Any CPU
		{EFA2F206-3884-4699-A9C4-44B3102040FA}.Release|Any CPU.ActiveCfg = Release|Any CPU
		{EFA2F206-3884-4699-A9C4-44B3102040FA}.Release|Any CPU.Build.0 = Release|Any CPU
		{C07318BF-B4C4-43D4-8FED-1C88E54113DE}.Debug|Any CPU.ActiveCfg = Debug|Any CPU
		{C07318BF-B4C4-43D4-8FED-1C88E54113DE}.Debug|Any CPU.Build.0 = Debug|Any CPU
		{C07318BF-B4C4-43D4-8FED-1C88E54113DE}.Release|Any CPU.ActiveCfg = Release|Any CPU
		{C07318BF-B4C4-43D4-8FED-1C88E54113DE}.Release|Any CPU.Build.0 = Release|Any CPU
		{DD1BAA22-FB80-4FD0-8EA0-A97E70671C93}.Debug|Any CPU.ActiveCfg = Debug|Any CPU
		{DD1BAA22-FB80-4FD0-8EA0-A97E70671C93}.Debug|Any CPU.Build.0 = Debug|Any CPU
		{DD1BAA22-FB80-4FD0-8EA0-A97E70671C93}.Release|Any CPU.ActiveCfg = Release|Any CPU
		{DD1BAA22-FB80-4FD0-8EA0-A97E70671C93}.Release|Any CPU.Build.0 = Release|Any CPU
	EndGlobalSection
	GlobalSection(SolutionProperties) = preSolution
		HideSolutionNode = FALSE
	EndGlobalSection
	GlobalSection(ExtensibilityGlobals) = postSolution
		SolutionGuid = {ABC6439F-6092-4691-BB21-074ED515C05B}
	EndGlobalSection
EndGlobal
